
Microsoft Visual Studio Solution File, Format Version 12.00
# Visual Studio 15
VisualStudioVersion = 15.0.28010.2026
MinimumVisualStudioVersion = 10.0.40219.1
Project("{FAE04EC0-301F-11D3-BF4B-00C04F79EFBC}") = "Wi-Fi Map", "Wi-Fi Map\Wi-Fi Map.csproj", "{C4D85A89-861E-458A-8BEB-308863322E72}"
EndProject
Project("{CC5FD16D-436D-48AD-A40C-5A424C6E3E79}") = "Wi-Fi Map AzureCloudService", "Service\Wi-Fi Map AzureCloudService\Wi-Fi Map AzureCloudService.ccproj", "{18CA26AE-F14D-4C5E-9A89-FFA1D3893F80}"
EndProject
Project("{FAE04EC0-301F-11D3-BF4B-00C04F79EFBC}") = "WCFService", "WCFService\WCFService.csproj", "{48333692-3D1E-4831-A585-3933972CA497}"
EndProject
Global
	GlobalSection(SolutionConfigurationPlatforms) = preSolution
		Debug|Any CPU = Debug|Any CPU
		Debug|ARM = Debug|ARM
		Debug|x64 = Debug|x64
		Debug|x86 = Debug|x86
		Release|Any CPU = Release|Any CPU
		Release|ARM = Release|ARM
		Release|x64 = Release|x64
		Release|x86 = Release|x86
	EndGlobalSection
	GlobalSection(ProjectConfigurationPlatforms) = postSolution
		{C4D85A89-861E-458A-8BEB-308863322E72}.Debug|Any CPU.ActiveCfg = Debug|x86
		{C4D85A89-861E-458A-8BEB-308863322E72}.Debug|Any CPU.Build.0 = Debug|x86
		{C4D85A89-861E-458A-8BEB-308863322E72}.Debug|Any CPU.Deploy.0 = Debug|x86
		{C4D85A89-861E-458A-8BEB-308863322E72}.Debug|ARM.ActiveCfg = Debug|ARM
		{C4D85A89-861E-458A-8BEB-308863322E72}.Debug|ARM.Build.0 = Debug|ARM
		{C4D85A89-861E-458A-8BEB-308863322E72}.Debug|ARM.Deploy.0 = Debug|ARM
		{C4D85A89-861E-458A-8BEB-308863322E72}.Debug|x64.ActiveCfg = Debug|x64
		{C4D85A89-861E-458A-8BEB-308863322E72}.Debug|x64.Build.0 = Debug|x64
		{C4D85A89-861E-458A-8BEB-308863322E72}.Debug|x64.Deploy.0 = Debug|x64
		{C4D85A89-861E-458A-8BEB-308863322E72}.Debug|x86.ActiveCfg = Debug|x86
		{C4D85A89-861E-458A-8BEB-308863322E72}.Debug|x86.Build.0 = Debug|x86
		{C4D85A89-861E-458A-8BEB-308863322E72}.Debug|x86.Deploy.0 = Debug|x86
		{C4D85A89-861E-458A-8BEB-308863322E72}.Release|Any CPU.ActiveCfg = Release|x86
		{C4D85A89-861E-458A-8BEB-308863322E72}.Release|ARM.ActiveCfg = Release|ARM
		{C4D85A89-861E-458A-8BEB-308863322E72}.Release|ARM.Build.0 = Release|ARM
		{C4D85A89-861E-458A-8BEB-308863322E72}.Release|ARM.Deploy.0 = Release|ARM
		{C4D85A89-861E-458A-8BEB-308863322E72}.Release|x64.ActiveCfg = Release|x64
		{C4D85A89-861E-458A-8BEB-308863322E72}.Release|x64.Build.0 = Release|x64
		{C4D85A89-861E-458A-8BEB-308863322E72}.Release|x64.Deploy.0 = Release|x64
		{C4D85A89-861E-458A-8BEB-308863322E72}.Release|x86.ActiveCfg = Release|x86
		{C4D85A89-861E-458A-8BEB-308863322E72}.Release|x86.Build.0 = Release|x86
		{C4D85A89-861E-458A-8BEB-308863322E72}.Release|x86.Deploy.0 = Release|x86
		{18CA26AE-F14D-4C5E-9A89-FFA1D3893F80}.Debug|Any CPU.ActiveCfg = Debug|Any CPU
		{18CA26AE-F14D-4C5E-9A89-FFA1D3893F80}.Debug|Any CPU.Build.0 = Debug|Any CPU
		{18CA26AE-F14D-4C5E-9A89-FFA1D3893F80}.Debug|ARM.ActiveCfg = Debug|Any CPU
		{18CA26AE-F14D-4C5E-9A89-FFA1D3893F80}.Debug|ARM.Build.0 = Debug|Any CPU
		{18CA26AE-F14D-4C5E-9A89-FFA1D3893F80}.Debug|x64.ActiveCfg = Debug|Any CPU
		{18CA26AE-F14D-4C5E-9A89-FFA1D3893F80}.Debug|x64.Build.0 = Debug|Any CPU
		{18CA26AE-F14D-4C5E-9A89-FFA1D3893F80}.Debug|x86.ActiveCfg = Debug|Any CPU
		{18CA26AE-F14D-4C5E-9A89-FFA1D3893F80}.Debug|x86.Build.0 = Debug|Any CPU
		{18CA26AE-F14D-4C5E-9A89-FFA1D3893F80}.Release|Any CPU.ActiveCfg = Release|Any CPU
		{18CA26AE-F14D-4C5E-9A89-FFA1D3893F80}.Release|Any CPU.Build.0 = Release|Any CPU
		{18CA26AE-F14D-4C5E-9A89-FFA1D3893F80}.Release|ARM.ActiveCfg = Release|Any CPU
		{18CA26AE-F14D-4C5E-9A89-FFA1D3893F80}.Release|ARM.Build.0 = Release|Any CPU
		{18CA26AE-F14D-4C5E-9A89-FFA1D3893F80}.Release|x64.ActiveCfg = Release|Any CPU
		{18CA26AE-F14D-4C5E-9A89-FFA1D3893F80}.Release|x64.Build.0 = Release|Any CPU
		{18CA26AE-F14D-4C5E-9A89-FFA1D3893F80}.Release|x86.ActiveCfg = Release|Any CPU
		{18CA26AE-F14D-4C5E-9A89-FFA1D3893F80}.Release|x86.Build.0 = Release|Any CPU
		{48333692-3D1E-4831-A585-3933972CA497}.Debug|Any CPU.ActiveCfg = Debug|Any CPU
		{48333692-3D1E-4831-A585-3933972CA497}.Debug|Any CPU.Build.0 = Debug|Any CPU
		{48333692-3D1E-4831-A585-3933972CA497}.Debug|ARM.ActiveCfg = Debug|Any CPU
		{48333692-3D1E-4831-A585-3933972CA497}.Debug|ARM.Build.0 = Debug|Any CPU
		{48333692-3D1E-4831-A585-3933972CA497}.Debug|x64.ActiveCfg = Debug|Any CPU
		{48333692-3D1E-4831-A585-3933972CA497}.Debug|x64.Build.0 = Debug|Any CPU
		{48333692-3D1E-4831-A585-3933972CA497}.Debug|x86.ActiveCfg = Debug|Any CPU
		{48333692-3D1E-4831-A585-3933972CA497}.Debug|x86.Build.0 = Debug|Any CPU
		{48333692-3D1E-4831-A585-3933972CA497}.Release|Any CPU.ActiveCfg = Release|Any CPU
		{48333692-3D1E-4831-A585-3933972CA497}.Release|Any CPU.Build.0 = Release|Any CPU
		{48333692-3D1E-4831-A585-3933972CA497}.Release|ARM.ActiveCfg = Release|Any CPU
		{48333692-3D1E-4831-A585-3933972CA497}.Release|ARM.Build.0 = Release|Any CPU
		{48333692-3D1E-4831-A585-3933972CA497}.Release|x64.ActiveCfg = Release|Any CPU
		{48333692-3D1E-4831-A585-3933972CA497}.Release|x64.Build.0 = Release|Any CPU
		{48333692-3D1E-4831-A585-3933972CA497}.Release|x86.ActiveCfg = Release|Any CPU
		{48333692-3D1E-4831-A585-3933972CA497}.Release|x86.Build.0 = Release|Any CPU
	EndGlobalSection
	GlobalSection(SolutionProperties) = preSolution
		HideSolutionNode = FALSE
	EndGlobalSection
	GlobalSection(ExtensibilityGlobals) = postSolution
		SolutionGuid = {42F4BE66-4DA5-44F6-8CB7-A0F623E12865}
	EndGlobalSection
EndGlobal
